
Microsoft Visual Studio Solution File, Format Version 11.00
# Visual Studio 2010
Project("{8BC9CEB8-8B4A-11D0-8D11-00A0C91BC942}") = "MathLibrary", "MathLibrary\MathLibrary.vcxproj", "{760CFE98-F0A1-42CF-B14C-9A601C462C5B}"
EndProject
Project("{8BC9CEB8-8B4A-11D0-8D11-00A0C91BC942}") = "MathTest", "MathTest\MathTest.vcxproj", "{CC8B28B8-7907-4C04-9A9A-A246AD6BCA0D}"
EndProject
Project("{8BC9CEB8-8B4A-11D0-8D11-00A0C91BC942}") = "MyFirstEngine", "MyFirstEngine\MyFirstEngine.vcxproj", "{91868AE9-2027-4BFE-A3D1-A84A843966EE}"
EndProject
Project("{8BC9CEB8-8B4A-11D0-8D11-00A0C91BC942}") = "EngineDemo", "EngineDemo\EngineDemo.vcxproj", "{CA39AF20-419E-4722-8D67-F2A37195D93F}"
EndProject
Global
	GlobalSection(SolutionConfigurationPlatforms) = preSolution
		Debug|Win32 = Debug|Win32
		Release|Win32 = Release|Win32
	EndGlobalSection
	GlobalSection(ProjectConfigurationPlatforms) = postSolution
		{760CFE98-F0A1-42CF-B14C-9A601C462C5B}.Debug|Win32.ActiveCfg = Debug|Win32
		{760CFE98-F0A1-42CF-B14C-9A601C462C5B}.Debug|Win32.Build.0 = Debug|Win32
		{760CFE98-F0A1-42CF-B14C-9A601C462C5B}.Release|Win32.ActiveCfg = Release|Win32
		{760CFE98-F0A1-42CF-B14C-9A601C462C5B}.Release|Win32.Build.0 = Release|Win32
		{CC8B28B8-7907-4C04-9A9A-A246AD6BCA0D}.Debug|Win32.ActiveCfg = Debug|Win32
		{CC8B28B8-7907-4C04-9A9A-A246AD6BCA0D}.Debug|Win32.Build.0 = Debug|Win32
		{CC8B28B8-7907-4C04-9A9A-A246AD6BCA0D}.Release|Win32.ActiveCfg = Release|Win32
		{CC8B28B8-7907-4C04-9A9A-A246AD6BCA0D}.Release|Win32.Build.0 = Release|Win32
		{91868AE9-2027-4BFE-A3D1-A84A843966EE}.Debug|Win32.ActiveCfg = Debug|Win32
		{91868AE9-2027-4BFE-A3D1-A84A843966EE}.Debug|Win32.Build.0 = Debug|Win32
		{91868AE9-2027-4BFE-A3D1-A84A843966EE}.Release|Win32.ActiveCfg = Release|Win32
		{91868AE9-2027-4BFE-A3D1-A84A843966EE}.Release|Win32.Build.0 = Release|Win32
		{CA39AF20-419E-4722-8D67-F2A37195D93F}.Debug|Win32.ActiveCfg = Debug|Win32
		{CA39AF20-419E-4722-8D67-F2A37195D93F}.Debug|Win32.Build.0 = Debug|Win32
		{CA39AF20-419E-4722-8D67-F2A37195D93F}.Release|Win32.ActiveCfg = Release|Win32
		{CA39AF20-419E-4722-8D67-F2A37195D93F}.Release|Win32.Build.0 = Release|Win32
	EndGlobalSection
	GlobalSection(SolutionProperties) = preSolution
		HideSolutionNode = FALSE
	EndGlobalSection
EndGlobal
